
Microsoft Visual Studio Solution File, Format Version 12.00
# Visual Studio Version 17
VisualStudioVersion = 17.9.34728.123
MinimumVisualStudioVersion = 10.0.40219.1
Project("{FAE04EC0-301F-11D3-BF4B-00C04F79EFBC}") = "WebApi", "WebApi.csproj", "{48B86BD8-E715-4259-A497-C07F039BC0F0}"
EndProject
Project("{FAE04EC0-301F-11D3-BF4B-00C04F79EFBC}") = "AfricaReceiver", "..\AfricaReceiver\AfricaReceiver.csproj", "{8A8F6D03-F8A5-4D89-A92C-DEAF36F208DE}"
EndProject
Project("{FAE04EC0-301F-11D3-BF4B-00C04F79EFBC}") = "NorthAmericaReceiver", "..\NorthAmerica\NorthAmericaReceiver.csproj", "{C70370FE-1FD7-40BE-974F-05FBB851032A}"
EndProject
Global
	GlobalSection(SolutionConfigurationPlatforms) = preSolution
		Debug|Any CPU = Debug|Any CPU
		Release|Any CPU = Release|Any CPU
	EndGlobalSection
	GlobalSection(ProjectConfigurationPlatforms) = postSolution
		{48B86BD8-E715-4259-A497-C07F039BC0F0}.Debug|Any CPU.ActiveCfg = Debug|Any CPU
		{48B86BD8-E715-4259-A497-C07F039BC0F0}.Debug|Any CPU.Build.0 = Debug|Any CPU
		{48B86BD8-E715-4259-A497-C07F039BC0F0}.Release|Any CPU.ActiveCfg = Release|Any CPU
		{48B86BD8-E715-4259-A497-C07F039BC0F0}.Release|Any CPU.Build.0 = Release|Any CPU
		{8A8F6D03-F8A5-4D89-A92C-DEAF36F208DE}.Debug|Any CPU.ActiveCfg = Debug|Any CPU
		{8A8F6D03-F8A5-4D89-A92C-DEAF36F208DE}.Debug|Any CPU.Build.0 = Debug|Any CPU
		{8A8F6D03-F8A5-4D89-A92C-DEAF36F208DE}.Release|Any CPU.ActiveCfg = Release|Any CPU
		{8A8F6D03-F8A5-4D89-A92C-DEAF36F208DE}.Release|Any CPU.Build.0 = Release|Any CPU
		{C70370FE-1FD7-40BE-974F-05FBB851032A}.Debug|Any CPU.ActiveCfg = Debug|Any CPU
		{C70370FE-1FD7-40BE-974F-05FBB851032A}.Debug|Any CPU.Build.0 = Debug|Any CPU
		{C70370FE-1FD7-40BE-974F-05FBB851032A}.Release|Any CPU.ActiveCfg = Release|Any CPU
		{C70370FE-1FD7-40BE-974F-05FBB851032A}.Release|Any CPU.Build.0 = Release|Any CPU
	EndGlobalSection
	GlobalSection(SolutionProperties) = preSolution
		HideSolutionNode = FALSE
	EndGlobalSection
	GlobalSection(ExtensibilityGlobals) = postSolution
		SolutionGuid = {737C64FC-D847-4801-B8F2-1067CF4D2723}
	EndGlobalSection
EndGlobal
