
Microsoft Visual Studio Solution File, Format Version 12.00
# Visual Studio Version 17
VisualStudioVersion = 17.9.34728.123
MinimumVisualStudioVersion = 10.0.40219.1
Project("{9A19103F-16F7-4668-BE54-9A1E7A4F7556}") = "AfricaReceiver", "AfricaReceiver\AfricaReceiver.csproj", "{4FBD4669-CB3F-4A0C-8CB5-2B288B26371E}"
EndProject
Project("{9A19103F-16F7-4668-BE54-9A1E7A4F7556}") = "WebApi", "WebApi\WebApi.csproj", "{81A99022-2B28-4E47-8679-61FA7AF3D135}"
EndProject
Project("{9A19103F-16F7-4668-BE54-9A1E7A4F7556}") = "NorthAmericaReceiver", "NorthAmericaReceiver\NorthAmericaReceiver.csproj", "{9A6B4EC3-EF49-422E-A464-11A13869C72D}"
EndProject
Project("{E53339B2-1760-4266-BCC7-CA923CBCF16C}") = "docker-compose", "docker-compose.dcproj", "{F455F1D3-3B20-44FC-832B-BCDFF76263BA}"
EndProject
Global
	GlobalSection(SolutionConfigurationPlatforms) = preSolution
		Debug|Any CPU = Debug|Any CPU
		Release|Any CPU = Release|Any CPU
	EndGlobalSection
	GlobalSection(ProjectConfigurationPlatforms) = postSolution
		{4FBD4669-CB3F-4A0C-8CB5-2B288B26371E}.Debug|Any CPU.ActiveCfg = Debug|Any CPU
		{4FBD4669-CB3F-4A0C-8CB5-2B288B26371E}.Debug|Any CPU.Build.0 = Debug|Any CPU
		{4FBD4669-CB3F-4A0C-8CB5-2B288B26371E}.Release|Any CPU.ActiveCfg = Release|Any CPU
		{4FBD4669-CB3F-4A0C-8CB5-2B288B26371E}.Release|Any CPU.Build.0 = Release|Any CPU
		{81A99022-2B28-4E47-8679-61FA7AF3D135}.Debug|Any CPU.ActiveCfg = Debug|Any CPU
		{81A99022-2B28-4E47-8679-61FA7AF3D135}.Debug|Any CPU.Build.0 = Debug|Any CPU
		{81A99022-2B28-4E47-8679-61FA7AF3D135}.Release|Any CPU.ActiveCfg = Release|Any CPU
		{81A99022-2B28-4E47-8679-61FA7AF3D135}.Release|Any CPU.Build.0 = Release|Any CPU
		{9A6B4EC3-EF49-422E-A464-11A13869C72D}.Debug|Any CPU.ActiveCfg = Debug|Any CPU
		{9A6B4EC3-EF49-422E-A464-11A13869C72D}.Debug|Any CPU.Build.0 = Debug|Any CPU
		{9A6B4EC3-EF49-422E-A464-11A13869C72D}.Release|Any CPU.ActiveCfg = Release|Any CPU
		{9A6B4EC3-EF49-422E-A464-11A13869C72D}.Release|Any CPU.Build.0 = Release|Any CPU
		{F455F1D3-3B20-44FC-832B-BCDFF76263BA}.Debug|Any CPU.ActiveCfg = Debug|Any CPU
		{F455F1D3-3B20-44FC-832B-BCDFF76263BA}.Debug|Any CPU.Build.0 = Debug|Any CPU
		{F455F1D3-3B20-44FC-832B-BCDFF76263BA}.Release|Any CPU.ActiveCfg = Release|Any CPU
		{F455F1D3-3B20-44FC-832B-BCDFF76263BA}.Release|Any CPU.Build.0 = Release|Any CPU
	EndGlobalSection
	GlobalSection(SolutionProperties) = preSolution
		HideSolutionNode = FALSE
	EndGlobalSection
	GlobalSection(ExtensibilityGlobals) = postSolution
		SolutionGuid = {737C64FC-D847-4801-B8F2-1067CF4D2723}
	EndGlobalSection
EndGlobal
